
Microsoft Visual Studio Solution File, Format Version 12.00
# Visual Studio Version 17
VisualStudioVersion = 17.12.35506.116
MinimumVisualStudioVersion = 10.0.40219.1
Project("{FAE04EC0-301F-11D3-BF4B-00C04F79EFBC}") = "NetCoreSamples.Logging.Lib", "Shared\NetCoreSamples.Logging.Lib\NetCoreSamples.Logging.Lib.csproj", "{00EF25D7-D89E-4C2D-8290-9844D846849D}"
EndProject
Project("{2150E333-8FDC-42A3-9474-1A3956D46DE8}") = "Shared", "Shared", "{4FF90021-925A-45B7-A9B9-FB41CECB9684}"
EndProject
Project("{FAE04EC0-301F-11D3-BF4B-00C04F79EFBC}") = "NetCoreSamples.Domain", "Shared\NetCoreSamples.Domain\NetCoreSamples.Domain.csproj", "{436CC84F-F27E-41F4-8D29-56AB91E1C39B}"
EndProject
Project("{2150E333-8FDC-42A3-9474-1A3956D46DE8}") = "Database", "Database", "{6AC6BF49-D7EF-46E8-993A-68A7FFD34F2D}"
EndProject
Project("{00D1A9C2-B5F0-4AF3-8072-F6C62B433612}") = "NetCoreSamples.Database", "Database\NetCoreSamples.Database\NetCoreSamples.Database.sqlproj", "{E4520B27-6077-4118-88DE-735A13267B2F}"
EndProject
Project("{FAE04EC0-301F-11D3-BF4B-00C04F79EFBC}") = "NetCoreSamples.Caching.Lib", "Architecture\Caching\NetCoreSamples.Caching.Lib\NetCoreSamples.Caching.Lib.csproj", "{5ABB9B1C-8848-4F11-B83B-8DF8BF22F8DD}"
EndProject
Project("{2150E333-8FDC-42A3-9474-1A3956D46DE8}") = "Architecture", "Architecture", "{F9601589-7973-4624-9066-BD620E673CF2}"
EndProject
Project("{2150E333-8FDC-42A3-9474-1A3956D46DE8}") = "Caching", "Caching", "{6C334BEE-53B8-4A2D-95C3-9A78C7AE2197}"
EndProject
Project("{FAE04EC0-301F-11D3-BF4B-00C04F79EFBC}") = "NetCoreSamples.Caching.Application", "Architecture\Caching\NetCoreSamples.Caching.Application\NetCoreSamples.Caching.Application.csproj", "{7B4AF479-4EAA-4FA7-A7FF-57AD39B347D7}"
EndProject
Project("{FAE04EC0-301F-11D3-BF4B-00C04F79EFBC}") = "NetCoreSamples.Caching.Persistence", "Architecture\Caching\NetCoreSamples.Caching.Persistence\NetCoreSamples.Caching.Persistence.csproj", "{85EB215E-9C2A-4189-B661-64AD46DAF1AC}"
EndProject
Project("{FAE04EC0-301F-11D3-BF4B-00C04F79EFBC}") = "NetCoreSamples.Caching.Client", "Architecture\Caching\NetCoreSamples.Caching.Client\NetCoreSamples.Caching.Client.csproj", "{7C3DE678-0ACD-4F7A-B9D5-CF00263A4543}"
EndProject
Project("{2150E333-8FDC-42A3-9474-1A3956D46DE8}") = "Patterns", "Patterns", "{B9C2B992-7372-4655-9867-9196F1424097}"
EndProject
Project("{FAE04EC0-301F-11D3-BF4B-00C04F79EFBC}") = "NetCoreSamples.Worker.Lib", "Patterns\Worker\Lib\NetCoreSamples.Worker.Lib\NetCoreSamples.Worker.Lib.csproj", "{3C5858DB-1A8F-49C8-A126-2208AAEE49C8}"
EndProject
Project("{2150E333-8FDC-42A3-9474-1A3956D46DE8}") = "Worker", "Worker", "{DCE3D112-3FE5-4990-8188-59C0C47FFC18}"
EndProject
Project("{FAE04EC0-301F-11D3-BF4B-00C04F79EFBC}") = "NetCoreSamples.Worker", "Patterns\Worker\NetCoreSamples.Worker\NetCoreSamples.Worker.csproj", "{A73B47ED-6170-451D-8375-068A35AFC81A}"
EndProject
Project("{FAE04EC0-301F-11D3-BF4B-00C04F79EFBC}") = "NetCoreSamples.WorkerService", "Patterns\Worker\NetCoreSamples.WorkerService\NetCoreSamples.WorkerService.csproj", "{561D1156-BCEF-4C51-9971-F6675FD10558}"
EndProject
Project("{2150E333-8FDC-42A3-9474-1A3956D46DE8}") = "Tests", "Tests", "{6AC40E99-D9C5-48DA-85E7-4884B05C5263}"
EndProject
Project("{FAE04EC0-301F-11D3-BF4B-00C04F79EFBC}") = "NetCoreSamples.Worker.Lib.Tests", "Patterns\Worker\Lib\NetCoreSamples.Worker.Lib.Tests\NetCoreSamples.Worker.Lib.Tests.csproj", "{168AA1E1-8651-4727-BB4F-EEAC924B56D0}"
EndProject
Project("{2150E333-8FDC-42A3-9474-1A3956D46DE8}") = "Messaging", "Messaging", "{F7D2CF28-1958-4880-8A98-26AAA769D98B}"
EndProject
Project("{FAE04EC0-301F-11D3-BF4B-00C04F79EFBC}") = "NetCoreSamples.Messaging.SignalR", "Architecture\Messaging\NetCoreSamples.Messaging.SignalR\NetCoreSamples.Messaging.SignalR.csproj", "{4BF58290-A159-4016-ADE0-DF4ABDE1835C}"
EndProject
Project("{FAE04EC0-301F-11D3-BF4B-00C04F79EFBC}") = "NetCoreSamples.DependencyInjection.Lib", "Shared\NetCoreSamples.DependencyInjection.Lib\NetCoreSamples.DependencyInjection.Lib.csproj", "{B88CDFA6-2993-4721-ACF7-A84C0765E519}"
EndProject
Project("{FAE04EC0-301F-11D3-BF4B-00C04F79EFBC}") = "NetCoreSamples.Messaging.Lib", "Architecture\Messaging\NetCoreSamples.Messaging.Lib\NetCoreSamples.Messaging.Lib.csproj", "{FC44C5E0-01A3-491B-836F-430260181C87}"
EndProject
Project("{FAE04EC0-301F-11D3-BF4B-00C04F79EFBC}") = "NetCoreSamples.Messaging.Worker", "Architecture\Messaging\NetCoreSamples.Messaging.Worker\NetCoreSamples.Messaging.Worker.csproj", "{32D5D556-1F99-495F-88B8-D7322A2C5361}"
EndProject
Project("{2150E333-8FDC-42A3-9474-1A3956D46DE8}") = "Broker", "Broker", "{5CC1908D-7D1C-41F8-88A5-389AA97A9A87}"
EndProject
Project("{2150E333-8FDC-42A3-9474-1A3956D46DE8}") = "Solution Items", "Solution Items", "{3D2A1D3B-D132-43D8-B1F9-D3EB71B1B24E}"
	ProjectSection(SolutionItems) = preProject
		LICENSE = LICENSE
		README.md = README.md
	EndProjectSection
EndProject
Project("{FAE04EC0-301F-11D3-BF4B-00C04F79EFBC}") = "NetCoreSamples.Broker.Worker", "Architecture\Broker\NetCoreSamples.Broker.Worker\NetCoreSamples.Broker.Worker.csproj", "{FF1652EA-2FE9-2AE3-06BB-DA9128488385}"
EndProject
Project("{FAE04EC0-301F-11D3-BF4B-00C04F79EFBC}") = "NetCoreSamples.Broker.Lib", "Architecture\Broker\NetCoreSamples.Broker.Lib\NetCoreSamples.Broker.Lib.csproj", "{8C6E3862-14B3-1482-EE7A-551ABDF1D36E}"
EndProject
Project("{2150E333-8FDC-42A3-9474-1A3956D46DE8}") = "EventSourcing", "EventSourcing", "{02EA681E-C7D8-13C7-8484-4AC65E1B71E8}"
EndProject
Global
	GlobalSection(SolutionConfigurationPlatforms) = preSolution
		Debug|Any CPU = Debug|Any CPU
		Release|Any CPU = Release|Any CPU
	EndGlobalSection
	GlobalSection(ProjectConfigurationPlatforms) = postSolution
		{00EF25D7-D89E-4C2D-8290-9844D846849D}.Debug|Any CPU.ActiveCfg = Debug|Any CPU
		{00EF25D7-D89E-4C2D-8290-9844D846849D}.Debug|Any CPU.Build.0 = Debug|Any CPU
		{00EF25D7-D89E-4C2D-8290-9844D846849D}.Release|Any CPU.ActiveCfg = Release|Any CPU
		{00EF25D7-D89E-4C2D-8290-9844D846849D}.Release|Any CPU.Build.0 = Release|Any CPU
		{436CC84F-F27E-41F4-8D29-56AB91E1C39B}.Debug|Any CPU.ActiveCfg = Debug|Any CPU
		{436CC84F-F27E-41F4-8D29-56AB91E1C39B}.Debug|Any CPU.Build.0 = Debug|Any CPU
		{436CC84F-F27E-41F4-8D29-56AB91E1C39B}.Release|Any CPU.ActiveCfg = Release|Any CPU
		{436CC84F-F27E-41F4-8D29-56AB91E1C39B}.Release|Any CPU.Build.0 = Release|Any CPU
		{E4520B27-6077-4118-88DE-735A13267B2F}.Debug|Any CPU.ActiveCfg = Debug|Any CPU
		{E4520B27-6077-4118-88DE-735A13267B2F}.Debug|Any CPU.Build.0 = Debug|Any CPU
		{E4520B27-6077-4118-88DE-735A13267B2F}.Debug|Any CPU.Deploy.0 = Debug|Any CPU
		{E4520B27-6077-4118-88DE-735A13267B2F}.Release|Any CPU.ActiveCfg = Release|Any CPU
		{E4520B27-6077-4118-88DE-735A13267B2F}.Release|Any CPU.Build.0 = Release|Any CPU
		{E4520B27-6077-4118-88DE-735A13267B2F}.Release|Any CPU.Deploy.0 = Release|Any CPU
		{5ABB9B1C-8848-4F11-B83B-8DF8BF22F8DD}.Debug|Any CPU.ActiveCfg = Debug|Any CPU
		{5ABB9B1C-8848-4F11-B83B-8DF8BF22F8DD}.Debug|Any CPU.Build.0 = Debug|Any CPU
		{5ABB9B1C-8848-4F11-B83B-8DF8BF22F8DD}.Release|Any CPU.ActiveCfg = Release|Any CPU
		{5ABB9B1C-8848-4F11-B83B-8DF8BF22F8DD}.Release|Any CPU.Build.0 = Release|Any CPU
		{7B4AF479-4EAA-4FA7-A7FF-57AD39B347D7}.Debug|Any CPU.ActiveCfg = Debug|Any CPU
		{7B4AF479-4EAA-4FA7-A7FF-57AD39B347D7}.Debug|Any CPU.Build.0 = Debug|Any CPU
		{7B4AF479-4EAA-4FA7-A7FF-57AD39B347D7}.Release|Any CPU.ActiveCfg = Release|Any CPU
		{7B4AF479-4EAA-4FA7-A7FF-57AD39B347D7}.Release|Any CPU.Build.0 = Release|Any CPU
		{85EB215E-9C2A-4189-B661-64AD46DAF1AC}.Debug|Any CPU.ActiveCfg = Debug|Any CPU
		{85EB215E-9C2A-4189-B661-64AD46DAF1AC}.Debug|Any CPU.Build.0 = Debug|Any CPU
		{85EB215E-9C2A-4189-B661-64AD46DAF1AC}.Release|Any CPU.ActiveCfg = Release|Any CPU
		{85EB215E-9C2A-4189-B661-64AD46DAF1AC}.Release|Any CPU.Build.0 = Release|Any CPU
		{7C3DE678-0ACD-4F7A-B9D5-CF00263A4543}.Debug|Any CPU.ActiveCfg = Debug|Any CPU
		{7C3DE678-0ACD-4F7A-B9D5-CF00263A4543}.Debug|Any CPU.Build.0 = Debug|Any CPU
		{7C3DE678-0ACD-4F7A-B9D5-CF00263A4543}.Release|Any CPU.ActiveCfg = Release|Any CPU
		{7C3DE678-0ACD-4F7A-B9D5-CF00263A4543}.Release|Any CPU.Build.0 = Release|Any CPU
		{3C5858DB-1A8F-49C8-A126-2208AAEE49C8}.Debug|Any CPU.ActiveCfg = Debug|Any CPU
		{3C5858DB-1A8F-49C8-A126-2208AAEE49C8}.Debug|Any CPU.Build.0 = Debug|Any CPU
		{3C5858DB-1A8F-49C8-A126-2208AAEE49C8}.Release|Any CPU.ActiveCfg = Release|Any CPU
		{3C5858DB-1A8F-49C8-A126-2208AAEE49C8}.Release|Any CPU.Build.0 = Release|Any CPU
		{A73B47ED-6170-451D-8375-068A35AFC81A}.Debug|Any CPU.ActiveCfg = Debug|Any CPU
		{A73B47ED-6170-451D-8375-068A35AFC81A}.Debug|Any CPU.Build.0 = Debug|Any CPU
		{A73B47ED-6170-451D-8375-068A35AFC81A}.Release|Any CPU.ActiveCfg = Release|Any CPU
		{A73B47ED-6170-451D-8375-068A35AFC81A}.Release|Any CPU.Build.0 = Release|Any CPU
		{561D1156-BCEF-4C51-9971-F6675FD10558}.Debug|Any CPU.ActiveCfg = Debug|Any CPU
		{561D1156-BCEF-4C51-9971-F6675FD10558}.Debug|Any CPU.Build.0 = Debug|Any CPU
		{561D1156-BCEF-4C51-9971-F6675FD10558}.Release|Any CPU.ActiveCfg = Release|Any CPU
		{561D1156-BCEF-4C51-9971-F6675FD10558}.Release|Any CPU.Build.0 = Release|Any CPU
		{168AA1E1-8651-4727-BB4F-EEAC924B56D0}.Debug|Any CPU.ActiveCfg = Debug|Any CPU
		{168AA1E1-8651-4727-BB4F-EEAC924B56D0}.Debug|Any CPU.Build.0 = Debug|Any CPU
		{168AA1E1-8651-4727-BB4F-EEAC924B56D0}.Release|Any CPU.ActiveCfg = Release|Any CPU
		{168AA1E1-8651-4727-BB4F-EEAC924B56D0}.Release|Any CPU.Build.0 = Release|Any CPU
		{4BF58290-A159-4016-ADE0-DF4ABDE1835C}.Debug|Any CPU.ActiveCfg = Debug|Any CPU
		{4BF58290-A159-4016-ADE0-DF4ABDE1835C}.Debug|Any CPU.Build.0 = Debug|Any CPU
		{4BF58290-A159-4016-ADE0-DF4ABDE1835C}.Release|Any CPU.ActiveCfg = Release|Any CPU
		{4BF58290-A159-4016-ADE0-DF4ABDE1835C}.Release|Any CPU.Build.0 = Release|Any CPU
		{B88CDFA6-2993-4721-ACF7-A84C0765E519}.Debug|Any CPU.ActiveCfg = Debug|Any CPU
		{B88CDFA6-2993-4721-ACF7-A84C0765E519}.Debug|Any CPU.Build.0 = Debug|Any CPU
		{B88CDFA6-2993-4721-ACF7-A84C0765E519}.Release|Any CPU.ActiveCfg = Release|Any CPU
		{B88CDFA6-2993-4721-ACF7-A84C0765E519}.Release|Any CPU.Build.0 = Release|Any CPU
		{FC44C5E0-01A3-491B-836F-430260181C87}.Debug|Any CPU.ActiveCfg = Debug|Any CPU
		{FC44C5E0-01A3-491B-836F-430260181C87}.Debug|Any CPU.Build.0 = Debug|Any CPU
		{FC44C5E0-01A3-491B-836F-430260181C87}.Release|Any CPU.ActiveCfg = Release|Any CPU
		{FC44C5E0-01A3-491B-836F-430260181C87}.Release|Any CPU.Build.0 = Release|Any CPU
		{32D5D556-1F99-495F-88B8-D7322A2C5361}.Debug|Any CPU.ActiveCfg = Debug|Any CPU
		{32D5D556-1F99-495F-88B8-D7322A2C5361}.Debug|Any CPU.Build.0 = Debug|Any CPU
		{32D5D556-1F99-495F-88B8-D7322A2C5361}.Release|Any CPU.ActiveCfg = Release|Any CPU
		{32D5D556-1F99-495F-88B8-D7322A2C5361}.Release|Any CPU.Build.0 = Release|Any CPU
		{FF1652EA-2FE9-2AE3-06BB-DA9128488385}.Debug|Any CPU.ActiveCfg = Debug|Any CPU
		{FF1652EA-2FE9-2AE3-06BB-DA9128488385}.Debug|Any CPU.Build.0 = Debug|Any CPU
		{FF1652EA-2FE9-2AE3-06BB-DA9128488385}.Release|Any CPU.ActiveCfg = Release|Any CPU
		{FF1652EA-2FE9-2AE3-06BB-DA9128488385}.Release|Any CPU.Build.0 = Release|Any CPU
		{8C6E3862-14B3-1482-EE7A-551ABDF1D36E}.Debug|Any CPU.ActiveCfg = Debug|Any CPU
		{8C6E3862-14B3-1482-EE7A-551ABDF1D36E}.Debug|Any CPU.Build.0 = Debug|Any CPU
		{8C6E3862-14B3-1482-EE7A-551ABDF1D36E}.Release|Any CPU.ActiveCfg = Release|Any CPU
		{8C6E3862-14B3-1482-EE7A-551ABDF1D36E}.Release|Any CPU.Build.0 = Release|Any CPU
	EndGlobalSection
	GlobalSection(SolutionProperties) = preSolution
		HideSolutionNode = FALSE
	EndGlobalSection
	GlobalSection(NestedProjects) = preSolution
		{00EF25D7-D89E-4C2D-8290-9844D846849D} = {4FF90021-925A-45B7-A9B9-FB41CECB9684}
		{436CC84F-F27E-41F4-8D29-56AB91E1C39B} = {4FF90021-925A-45B7-A9B9-FB41CECB9684}
		{E4520B27-6077-4118-88DE-735A13267B2F} = {6AC6BF49-D7EF-46E8-993A-68A7FFD34F2D}
		{5ABB9B1C-8848-4F11-B83B-8DF8BF22F8DD} = {6C334BEE-53B8-4A2D-95C3-9A78C7AE2197}
		{6C334BEE-53B8-4A2D-95C3-9A78C7AE2197} = {F9601589-7973-4624-9066-BD620E673CF2}
		{7B4AF479-4EAA-4FA7-A7FF-57AD39B347D7} = {6C334BEE-53B8-4A2D-95C3-9A78C7AE2197}
		{85EB215E-9C2A-4189-B661-64AD46DAF1AC} = {6C334BEE-53B8-4A2D-95C3-9A78C7AE2197}
		{7C3DE678-0ACD-4F7A-B9D5-CF00263A4543} = {6C334BEE-53B8-4A2D-95C3-9A78C7AE2197}
		{3C5858DB-1A8F-49C8-A126-2208AAEE49C8} = {DCE3D112-3FE5-4990-8188-59C0C47FFC18}
		{DCE3D112-3FE5-4990-8188-59C0C47FFC18} = {B9C2B992-7372-4655-9867-9196F1424097}
		{A73B47ED-6170-451D-8375-068A35AFC81A} = {DCE3D112-3FE5-4990-8188-59C0C47FFC18}
		{561D1156-BCEF-4C51-9971-F6675FD10558} = {DCE3D112-3FE5-4990-8188-59C0C47FFC18}
		{168AA1E1-8651-4727-BB4F-EEAC924B56D0} = {6AC40E99-D9C5-48DA-85E7-4884B05C5263}
		{F7D2CF28-1958-4880-8A98-26AAA769D98B} = {F9601589-7973-4624-9066-BD620E673CF2}
		{4BF58290-A159-4016-ADE0-DF4ABDE1835C} = {F7D2CF28-1958-4880-8A98-26AAA769D98B}
		{B88CDFA6-2993-4721-ACF7-A84C0765E519} = {4FF90021-925A-45B7-A9B9-FB41CECB9684}
		{FC44C5E0-01A3-491B-836F-430260181C87} = {F7D2CF28-1958-4880-8A98-26AAA769D98B}
		{32D5D556-1F99-495F-88B8-D7322A2C5361} = {F7D2CF28-1958-4880-8A98-26AAA769D98B}
		{5CC1908D-7D1C-41F8-88A5-389AA97A9A87} = {F9601589-7973-4624-9066-BD620E673CF2}
		{FF1652EA-2FE9-2AE3-06BB-DA9128488385} = {5CC1908D-7D1C-41F8-88A5-389AA97A9A87}
		{8C6E3862-14B3-1482-EE7A-551ABDF1D36E} = {5CC1908D-7D1C-41F8-88A5-389AA97A9A87}
		{02EA681E-C7D8-13C7-8484-4AC65E1B71E8} = {B9C2B992-7372-4655-9867-9196F1424097}
	EndGlobalSection
	GlobalSection(ExtensibilityGlobals) = postSolution
		SolutionGuid = {AB4E00F9-51F9-4158-BD32-A786C8DF9156}
	EndGlobalSection
EndGlobal
