
Microsoft Visual Studio Solution File, Format Version 12.00
# Visual Studio Version 17
VisualStudioVersion = 17.8.34330.188
MinimumVisualStudioVersion = 10.0.40219.1
Project("{2150E333-8FDC-42A3-9474-1A3956D46DE8}") = "Queuing", "Queuing", "{921BDE67-E602-42FD-8E47-169A4FECE5EB}"
EndProject
Project("{2150E333-8FDC-42A3-9474-1A3956D46DE8}") = "Worker", "Worker", "{0BF7D98F-C4E6-41CD-B5AF-3B8A10C164C7}"
EndProject
Project("{2150E333-8FDC-42A3-9474-1A3956D46DE8}") = "DesignPatterns", "DesignPatterns", "{902408D7-1D43-4B6E-9D9F-5BA2A395739D}"
EndProject
Project("{2150E333-8FDC-42A3-9474-1A3956D46DE8}") = "Mediator", "Mediator", "{92978425-1BDB-4F3A-83F9-A8090F4319A9}"
EndProject
Project("{2150E333-8FDC-42A3-9474-1A3956D46DE8}") = "SPA", "SPA", "{E03776F2-B321-483F-B8CC-E4D5E4A09007}"
EndProject
Project("{2150E333-8FDC-42A3-9474-1A3956D46DE8}") = "GraphQL", "GraphQL", "{6799DC8C-5F57-4F75-8980-63FBC60AAF2E}"
EndProject
Project("{FAE04EC0-301F-11D3-BF4B-00C04F79EFBC}") = "NetCoreSamples.Worker", "NetCoreSamples.Worker\NetCoreSamples.Worker.csproj", "{5D0EA4DE-91A8-4371-88F0-1BA0478194C0}"
EndProject
Project("{FAE04EC0-301F-11D3-BF4B-00C04F79EFBC}") = "NetCoreSamples.Worker.Lib", "NetCoreSamples.Worker.Lib\NetCoreSamples.Worker.Lib.csproj", "{F15B941D-21D1-4D27-9EEB-00BCCDAEDC58}"
EndProject
Project("{2150E333-8FDC-42A3-9474-1A3956D46DE8}") = "SystemDesign", "SystemDesign", "{DD4FD90F-9E80-4EA6-848D-9B2107EA46B0}"
EndProject
Project("{2150E333-8FDC-42A3-9474-1A3956D46DE8}") = "SignalR", "SignalR", "{EF6E4F7F-BAC5-4FB5-ADD7-17559D3F47AE}"
EndProject
Global
	GlobalSection(SolutionConfigurationPlatforms) = preSolution
		Debug|Any CPU = Debug|Any CPU
		Release|Any CPU = Release|Any CPU
	EndGlobalSection
	GlobalSection(ProjectConfigurationPlatforms) = postSolution
		{5D0EA4DE-91A8-4371-88F0-1BA0478194C0}.Debug|Any CPU.ActiveCfg = Debug|Any CPU
		{5D0EA4DE-91A8-4371-88F0-1BA0478194C0}.Debug|Any CPU.Build.0 = Debug|Any CPU
		{5D0EA4DE-91A8-4371-88F0-1BA0478194C0}.Release|Any CPU.ActiveCfg = Release|Any CPU
		{5D0EA4DE-91A8-4371-88F0-1BA0478194C0}.Release|Any CPU.Build.0 = Release|Any CPU
		{F15B941D-21D1-4D27-9EEB-00BCCDAEDC58}.Debug|Any CPU.ActiveCfg = Debug|Any CPU
		{F15B941D-21D1-4D27-9EEB-00BCCDAEDC58}.Debug|Any CPU.Build.0 = Debug|Any CPU
		{F15B941D-21D1-4D27-9EEB-00BCCDAEDC58}.Release|Any CPU.ActiveCfg = Release|Any CPU
		{F15B941D-21D1-4D27-9EEB-00BCCDAEDC58}.Release|Any CPU.Build.0 = Release|Any CPU
	EndGlobalSection
	GlobalSection(SolutionProperties) = preSolution
		HideSolutionNode = FALSE
	EndGlobalSection
	GlobalSection(NestedProjects) = preSolution
		{921BDE67-E602-42FD-8E47-169A4FECE5EB} = {DD4FD90F-9E80-4EA6-848D-9B2107EA46B0}
		{0BF7D98F-C4E6-41CD-B5AF-3B8A10C164C7} = {902408D7-1D43-4B6E-9D9F-5BA2A395739D}
		{92978425-1BDB-4F3A-83F9-A8090F4319A9} = {902408D7-1D43-4B6E-9D9F-5BA2A395739D}
		{E03776F2-B321-483F-B8CC-E4D5E4A09007} = {DD4FD90F-9E80-4EA6-848D-9B2107EA46B0}
		{6799DC8C-5F57-4F75-8980-63FBC60AAF2E} = {DD4FD90F-9E80-4EA6-848D-9B2107EA46B0}
		{5D0EA4DE-91A8-4371-88F0-1BA0478194C0} = {0BF7D98F-C4E6-41CD-B5AF-3B8A10C164C7}
		{F15B941D-21D1-4D27-9EEB-00BCCDAEDC58} = {0BF7D98F-C4E6-41CD-B5AF-3B8A10C164C7}
		{EF6E4F7F-BAC5-4FB5-ADD7-17559D3F47AE} = {DD4FD90F-9E80-4EA6-848D-9B2107EA46B0}
	EndGlobalSection
	GlobalSection(ExtensibilityGlobals) = postSolution
		SolutionGuid = {4CD28AB3-FFA1-43E2-96FD-6E7C67E62964}
	EndGlobalSection
EndGlobal
