
Microsoft Visual Studio Solution File, Format Version 12.00
# Visual Studio Version 17
VisualStudioVersion = 17.8.34525.116
MinimumVisualStudioVersion = 10.0.40219.1
Project("{9A19103F-16F7-4668-BE54-9A1E7A4F7556}") = "NetCoreSamples.Worker.Lib", "Lib\NetCoreSamples.Worker.Lib\NetCoreSamples.Worker.Lib.csproj", "{29EF6EDB-7B12-44A8-8B42-4C03F49A9698}"
EndProject
Project("{9A19103F-16F7-4668-BE54-9A1E7A4F7556}") = "NetCoreSamples.Worker.Lib.Tests", "Lib\NetCoreSamples.Worker.Lib.Tests\NetCoreSamples.Worker.Lib.Tests.csproj", "{306494C1-B964-4482-9D3E-DDC654A87F80}"
EndProject
Project("{9A19103F-16F7-4668-BE54-9A1E7A4F7556}") = "NetCoreSamples.Worker", "NetCoreSamples.Worker\NetCoreSamples.Worker.csproj", "{ACB9AC1F-C187-44D0-9622-29B8F227D0C5}"
EndProject
Project("{9A19103F-16F7-4668-BE54-9A1E7A4F7556}") = "NetCoreSamples.WorkerService", "NetCoreSamples.WorkerService\NetCoreSamples.WorkerService.csproj", "{6AD463D9-E0C6-4215-A870-AEC8761CA76D}"
EndProject
Project("{2150E333-8FDC-42A3-9474-1A3956D46DE8}") = "Lib", "Lib", "{87819F88-A3A4-4480-8F3D-7A2667F47F46}"
EndProject
Project("{FAE04EC0-301F-11D3-BF4B-00C04F79EFBC}") = "NetCoreSamples.Logging.Lib", "..\..\Shared\NetCoreSamples.Logging.Lib\NetCoreSamples.Logging.Lib.csproj", "{EAA89580-2FD8-4CA9-A173-DB3553C3803E}"
EndProject
Project("{FAE04EC0-301F-11D3-BF4B-00C04F79EFBC}") = "NetCoreSamples.GenericWorker", "NetCoreSamples.GenericWorker\NetCoreSamples.GenericWorker.csproj", "{BCBEAEBB-3010-4A85-9CAE-99E2B6C1A0CD}"
EndProject
Global
	GlobalSection(SolutionConfigurationPlatforms) = preSolution
		Debug|Any CPU = Debug|Any CPU
		Release|Any CPU = Release|Any CPU
	EndGlobalSection
	GlobalSection(ProjectConfigurationPlatforms) = postSolution
		{29EF6EDB-7B12-44A8-8B42-4C03F49A9698}.Debug|Any CPU.ActiveCfg = Debug|Any CPU
		{29EF6EDB-7B12-44A8-8B42-4C03F49A9698}.Debug|Any CPU.Build.0 = Debug|Any CPU
		{29EF6EDB-7B12-44A8-8B42-4C03F49A9698}.Release|Any CPU.ActiveCfg = Release|Any CPU
		{29EF6EDB-7B12-44A8-8B42-4C03F49A9698}.Release|Any CPU.Build.0 = Release|Any CPU
		{306494C1-B964-4482-9D3E-DDC654A87F80}.Debug|Any CPU.ActiveCfg = Debug|Any CPU
		{306494C1-B964-4482-9D3E-DDC654A87F80}.Debug|Any CPU.Build.0 = Debug|Any CPU
		{306494C1-B964-4482-9D3E-DDC654A87F80}.Release|Any CPU.ActiveCfg = Release|Any CPU
		{306494C1-B964-4482-9D3E-DDC654A87F80}.Release|Any CPU.Build.0 = Release|Any CPU
		{ACB9AC1F-C187-44D0-9622-29B8F227D0C5}.Debug|Any CPU.ActiveCfg = Debug|Any CPU
		{ACB9AC1F-C187-44D0-9622-29B8F227D0C5}.Debug|Any CPU.Build.0 = Debug|Any CPU
		{ACB9AC1F-C187-44D0-9622-29B8F227D0C5}.Release|Any CPU.ActiveCfg = Release|Any CPU
		{ACB9AC1F-C187-44D0-9622-29B8F227D0C5}.Release|Any CPU.Build.0 = Release|Any CPU
		{6AD463D9-E0C6-4215-A870-AEC8761CA76D}.Debug|Any CPU.ActiveCfg = Debug|Any CPU
		{6AD463D9-E0C6-4215-A870-AEC8761CA76D}.Debug|Any CPU.Build.0 = Debug|Any CPU
		{6AD463D9-E0C6-4215-A870-AEC8761CA76D}.Release|Any CPU.ActiveCfg = Release|Any CPU
		{6AD463D9-E0C6-4215-A870-AEC8761CA76D}.Release|Any CPU.Build.0 = Release|Any CPU
		{EAA89580-2FD8-4CA9-A173-DB3553C3803E}.Debug|Any CPU.ActiveCfg = Debug|Any CPU
		{EAA89580-2FD8-4CA9-A173-DB3553C3803E}.Debug|Any CPU.Build.0 = Debug|Any CPU
		{EAA89580-2FD8-4CA9-A173-DB3553C3803E}.Release|Any CPU.ActiveCfg = Release|Any CPU
		{EAA89580-2FD8-4CA9-A173-DB3553C3803E}.Release|Any CPU.Build.0 = Release|Any CPU
		{BCBEAEBB-3010-4A85-9CAE-99E2B6C1A0CD}.Debug|Any CPU.ActiveCfg = Debug|Any CPU
		{BCBEAEBB-3010-4A85-9CAE-99E2B6C1A0CD}.Debug|Any CPU.Build.0 = Debug|Any CPU
		{BCBEAEBB-3010-4A85-9CAE-99E2B6C1A0CD}.Release|Any CPU.ActiveCfg = Release|Any CPU
		{BCBEAEBB-3010-4A85-9CAE-99E2B6C1A0CD}.Release|Any CPU.Build.0 = Release|Any CPU
	EndGlobalSection
	GlobalSection(SolutionProperties) = preSolution
		HideSolutionNode = FALSE
	EndGlobalSection
	GlobalSection(NestedProjects) = preSolution
		{29EF6EDB-7B12-44A8-8B42-4C03F49A9698} = {87819F88-A3A4-4480-8F3D-7A2667F47F46}
		{EAA89580-2FD8-4CA9-A173-DB3553C3803E} = {87819F88-A3A4-4480-8F3D-7A2667F47F46}
	EndGlobalSection
	GlobalSection(ExtensibilityGlobals) = postSolution
		SolutionGuid = {F3245922-EB59-4D6F-B53A-655C865A78E6}
	EndGlobalSection
EndGlobal
