
Microsoft Visual Studio Solution File, Format Version 12.00
# Visual Studio Version 17
VisualStudioVersion = 17.11.35327.3
MinimumVisualStudioVersion = 10.0.40219.1
Project("{9A19103F-16F7-4668-BE54-9A1E7A4F7556}") = "NetCoreSamples.Vault.API", "NetCoreSamples.Vault.API\NetCoreSamples.Vault.API.csproj", "{C13BC0AD-061C-4EF9-A3B6-5F2005AB62A6}"
EndProject
Project("{E53339B2-1760-4266-BCC7-CA923CBCF16C}") = "docker-compose", "docker-compose.dcproj", "{F8E9CEC0-46D5-48C4-83A3-835E317431D6}"
EndProject
Project("{2150E333-8FDC-42A3-9474-1A3956D46DE8}") = "Lib", "Lib", "{3BB6AC26-AB9E-482D-8F5E-266577A5D2EF}"
EndProject
Project("{9A19103F-16F7-4668-BE54-9A1E7A4F7556}") = "NetCoreSamples.Logging.Lib", "..\..\Shared\NetCoreSamples.Logging.Lib\NetCoreSamples.Logging.Lib.csproj", "{03EE0D4F-9ADD-4888-A3C7-DBDF2CC61E5C}"
EndProject
Project("{FAE04EC0-301F-11D3-BF4B-00C04F79EFBC}") = "NetCoreSamples.Vault.Lib", "NetCoreSamples.Vault.Lib\NetCoreSamples.Vault.Lib.csproj", "{5A6F2E59-3277-4339-B70D-722760416757}"
EndProject
Global
	GlobalSection(SolutionConfigurationPlatforms) = preSolution
		Debug|Any CPU = Debug|Any CPU
		Release|Any CPU = Release|Any CPU
	EndGlobalSection
	GlobalSection(ProjectConfigurationPlatforms) = postSolution
		{C13BC0AD-061C-4EF9-A3B6-5F2005AB62A6}.Debug|Any CPU.ActiveCfg = Debug|Any CPU
		{C13BC0AD-061C-4EF9-A3B6-5F2005AB62A6}.Debug|Any CPU.Build.0 = Debug|Any CPU
		{C13BC0AD-061C-4EF9-A3B6-5F2005AB62A6}.Release|Any CPU.ActiveCfg = Release|Any CPU
		{C13BC0AD-061C-4EF9-A3B6-5F2005AB62A6}.Release|Any CPU.Build.0 = Release|Any CPU
		{F8E9CEC0-46D5-48C4-83A3-835E317431D6}.Debug|Any CPU.ActiveCfg = Debug|Any CPU
		{F8E9CEC0-46D5-48C4-83A3-835E317431D6}.Debug|Any CPU.Build.0 = Debug|Any CPU
		{F8E9CEC0-46D5-48C4-83A3-835E317431D6}.Release|Any CPU.ActiveCfg = Release|Any CPU
		{F8E9CEC0-46D5-48C4-83A3-835E317431D6}.Release|Any CPU.Build.0 = Release|Any CPU
		{03EE0D4F-9ADD-4888-A3C7-DBDF2CC61E5C}.Debug|Any CPU.ActiveCfg = Debug|Any CPU
		{03EE0D4F-9ADD-4888-A3C7-DBDF2CC61E5C}.Debug|Any CPU.Build.0 = Debug|Any CPU
		{03EE0D4F-9ADD-4888-A3C7-DBDF2CC61E5C}.Release|Any CPU.ActiveCfg = Release|Any CPU
		{03EE0D4F-9ADD-4888-A3C7-DBDF2CC61E5C}.Release|Any CPU.Build.0 = Release|Any CPU
		{5A6F2E59-3277-4339-B70D-722760416757}.Debug|Any CPU.ActiveCfg = Debug|Any CPU
		{5A6F2E59-3277-4339-B70D-722760416757}.Debug|Any CPU.Build.0 = Debug|Any CPU
		{5A6F2E59-3277-4339-B70D-722760416757}.Release|Any CPU.ActiveCfg = Release|Any CPU
		{5A6F2E59-3277-4339-B70D-722760416757}.Release|Any CPU.Build.0 = Release|Any CPU
	EndGlobalSection
	GlobalSection(SolutionProperties) = preSolution
		HideSolutionNode = FALSE
	EndGlobalSection
	GlobalSection(NestedProjects) = preSolution
		{03EE0D4F-9ADD-4888-A3C7-DBDF2CC61E5C} = {3BB6AC26-AB9E-482D-8F5E-266577A5D2EF}
		{5A6F2E59-3277-4339-B70D-722760416757} = {3BB6AC26-AB9E-482D-8F5E-266577A5D2EF}
	EndGlobalSection
	GlobalSection(ExtensibilityGlobals) = postSolution
		SolutionGuid = {890EF2C4-863B-4C5F-9460-B660F5D6B013}
	EndGlobalSection
EndGlobal
